// !$*UTF8*$!
{
	archiveVersion = 1;
	classes = {
	};
	objectVersion = 46;
	objects = {

/* Begin PBXBuildFile section */
		C364C6C31E28C3C700378FF0 /* GDApi.framework in Frameworks */ = {isa = PBXBuildFile; fileRef = C364C6A11E28C3C700378FF0 /* GDApi.framework */; };
		C364C6C41E28C3C700378FF0 /* libGDApi.a in Frameworks */ = {isa = PBXBuildFile; fileRef = C364C6AC1E28C3C700378FF0 /* libGDApi.a */; };
		C37688861E1FBEB600C3B8A8 /* main.m in Sources */ = {isa = PBXBuildFile; fileRef = C37688851E1FBEB600C3B8A8 /* main.m */; };
		C37688891E1FBEB600C3B8A8 /* AppDelegate.m in Sources */ = {isa = PBXBuildFile; fileRef = C37688881E1FBEB600C3B8A8 /* AppDelegate.m */; };
		C376888C1E1FBEB600C3B8A8 /* ViewController.m in Sources */ = {isa = PBXBuildFile; fileRef = C376888B1E1FBEB600C3B8A8 /* ViewController.m */; };
		C376888F1E1FBEB600C3B8A8 /* Main.storyboard in Resources */ = {isa = PBXBuildFile; fileRef = C376888D1E1FBEB600C3B8A8 /* Main.storyboard */; };
		C37688911E1FBEB600C3B8A8 /* Assets.xcassets in Resources */ = {isa = PBXBuildFile; fileRef = C37688901E1FBEB600C3B8A8 /* Assets.xcassets */; };
		C37688941E1FBEB600C3B8A8 /* LaunchScreen.storyboard in Resources */ = {isa = PBXBuildFile; fileRef = C37688921E1FBEB600C3B8A8 /* LaunchScreen.storyboard */; };
		C376889F1E1FBEB600C3B8A8 /* GDApiSampleTests.m in Sources */ = {isa = PBXBuildFile; fileRef = C376889E1E1FBEB600C3B8A8 /* GDApiSampleTests.m */; };
		C37688B41E1FC15E00C3B8A8 /* GoogleMobileAds.framework in Frameworks */ = {isa = PBXBuildFile; fileRef = C37688AA1E1FC15E00C3B8A8 /* GoogleMobileAds.framework */; };
		C37688B51E1FC15E00C3B8A8 /* README.txt in Resources */ = {isa = PBXBuildFile; fileRef = C37688B21E1FC15E00C3B8A8 /* README.txt */; };
		C37688B61E1FC15E00C3B8A8 /* README.txt in Resources */ = {isa = PBXBuildFile; fileRef = C37688B31E1FC15E00C3B8A8 /* README.txt */; };
/* End PBXBuildFile section */

/* Begin PBXContainerItemProxy section */
		C376889B1E1FBEB600C3B8A8 /* PBXContainerItemProxy */ = {
			isa = PBXContainerItemProxy;
			containerPortal = C37688791E1FBEB600C3B8A8 /* Project object */;
			proxyType = 1;
			remoteGlobalIDString = C37688801E1FBEB600C3B8A8;
			remoteInfo = GDApiSample;
		};
/* End PBXContainerItemProxy section */

/* Begin PBXFileReference section */
		C364C6A11E28C3C700378FF0 /* GDApi.framework */ = {isa = PBXFileReference; lastKnownFileType = wrapper.framework; path = GDApi.framework; sourceTree = "<group>"; };
		C364C6A31E28C3C700378FF0 /* GDAdDelegate.h */ = {isa = PBXFileReference; fileEncoding = 4; lastKnownFileType = sourcecode.c.h; path = GDAdDelegate.h; sourceTree = "<group>"; };
		C364C6A41E28C3C700378FF0 /* GDAdPosition.h */ = {isa = PBXFileReference; fileEncoding = 4; lastKnownFileType = sourcecode.c.h; path = GDAdPosition.h; sourceTree = "<group>"; };
		C364C6A51E28C3C700378FF0 /* GDAdSize.h */ = {isa = PBXFileReference; fileEncoding = 4; lastKnownFileType = sourcecode.c.h; path = GDAdSize.h; sourceTree = "<group>"; };
		C364C6A61E28C3C700378FF0 /* GDAlignment.h */ = {isa = PBXFileReference; fileEncoding = 4; lastKnownFileType = sourcecode.c.h; path = GDAlignment.h; sourceTree = "<group>"; };
		C364C6A71E28C3C700378FF0 /* GDApi.h */ = {isa = PBXFileReference; fileEncoding = 4; lastKnownFileType = sourcecode.c.h; path = GDApi.h; sourceTree = "<group>"; };
		C364C6A81E28C3C700378FF0 /* GDLogger.h */ = {isa = PBXFileReference; fileEncoding = 4; lastKnownFileType = sourcecode.c.h; path = GDLogger.h; sourceTree = "<group>"; };
		C364C6AB1E28C3C700378FF0 /* GDApi.h */ = {isa = PBXFileReference; fileEncoding = 4; lastKnownFileType = sourcecode.c.h; path = GDApi.h; sourceTree = "<group>"; };
		C364C6AC1E28C3C700378FF0 /* libGDApi.a */ = {isa = PBXFileReference; lastKnownFileType = archive.ar; path = libGDApi.a; sourceTree = "<group>"; };
		C364C6B01E28C3C700378FF0 /* GADMAdNetworkAdapterProtocol.h */ = {isa = PBXFileReference; fileEncoding = 4; lastKnownFileType = sourcecode.c.h; path = GADMAdNetworkAdapterProtocol.h; sourceTree = "<group>"; };
		C364C6B11E28C3C700378FF0 /* GADMAdNetworkConnectorProtocol.h */ = {isa = PBXFileReference; fileEncoding = 4; lastKnownFileType = sourcecode.c.h; path = GADMAdNetworkConnectorProtocol.h; sourceTree = "<group>"; };
		C364C6B21E28C3C700378FF0 /* GADMediationAdRequest.h */ = {isa = PBXFileReference; fileEncoding = 4; lastKnownFileType = sourcecode.c.h; path = GADMediationAdRequest.h; sourceTree = "<group>"; };
		C364C6B31E28C3C700378FF0 /* GADMEnums.h */ = {isa = PBXFileReference; fileEncoding = 4; lastKnownFileType = sourcecode.c.h; path = GADMEnums.h; sourceTree = "<group>"; };
		C364C6B41E28C3C700378FF0 /* GADMRewardBasedVideoAdNetworkAdapterProtocol.h */ = {isa = PBXFileReference; fileEncoding = 4; lastKnownFileType = sourcecode.c.h; path = GADMRewardBasedVideoAdNetworkAdapterProtocol.h; sourceTree = "<group>"; };
		C364C6B51E28C3C700378FF0 /* GADMRewardBasedVideoAdNetworkConnectorProtocol.h */ = {isa = PBXFileReference; fileEncoding = 4; lastKnownFileType = sourcecode.c.h; path = GADMRewardBasedVideoAdNetworkConnectorProtocol.h; sourceTree = "<group>"; };
		C364C6B61E28C3C700378FF0 /* GDAd.h */ = {isa = PBXFileReference; fileEncoding = 4; lastKnownFileType = sourcecode.c.h; path = GDAd.h; sourceTree = "<group>"; };
		C364C6B71E28C3C700378FF0 /* GDbannerData.h */ = {isa = PBXFileReference; fileEncoding = 4; lastKnownFileType = sourcecode.c.h; path = GDbannerData.h; sourceTree = "<group>"; };
		C364C6B81E28C3C700378FF0 /* GDcustomLog.h */ = {isa = PBXFileReference; fileEncoding = 4; lastKnownFileType = sourcecode.c.h; path = GDcustomLog.h; sourceTree = "<group>"; };
		C364C6B91E28C3C700378FF0 /* GDlogchannel.h */ = {isa = PBXFileReference; fileEncoding = 4; lastKnownFileType = sourcecode.c.h; path = GDlogchannel.h; sourceTree = "<group>"; };
		C364C6BA1E28C3C700378FF0 /* GDLogRequest.h */ = {isa = PBXFileReference; fileEncoding = 4; lastKnownFileType = sourcecode.c.h; path = GDLogRequest.h; sourceTree = "<group>"; };
		C364C6BB1E28C3C700378FF0 /* GDpostObj.h */ = {isa = PBXFileReference; fileEncoding = 4; lastKnownFileType = sourcecode.c.h; path = GDpostObj.h; sourceTree = "<group>"; };
		C364C6BC1E28C3C700378FF0 /* GDResponseActRes.h */ = {isa = PBXFileReference; fileEncoding = 4; lastKnownFileType = sourcecode.c.h; path = GDResponseActRes.h; sourceTree = "<group>"; };
		C364C6BD1E28C3C700378FF0 /* GDresponseData.h */ = {isa = PBXFileReference; fileEncoding = 4; lastKnownFileType = sourcecode.c.h; path = GDresponseData.h; sourceTree = "<group>"; };
		C364C6BE1E28C3C700378FF0 /* GDSendObject.h */ = {isa = PBXFileReference; fileEncoding = 4; lastKnownFileType = sourcecode.c.h; path = GDSendObject.h; sourceTree = "<group>"; };
		C364C6BF1E28C3C700378FF0 /* GDstatic.h */ = {isa = PBXFileReference; fileEncoding = 4; lastKnownFileType = sourcecode.c.h; path = GDstatic.h; sourceTree = "<group>"; };
		C364C6C01E28C3C700378FF0 /* GDUtils.h */ = {isa = PBXFileReference; fileEncoding = 4; lastKnownFileType = sourcecode.c.h; path = GDUtils.h; sourceTree = "<group>"; };
		C364C6C11E28C3C700378FF0 /* NSString+MD5.h */ = {isa = PBXFileReference; fileEncoding = 4; lastKnownFileType = sourcecode.c.h; path = "NSString+MD5.h"; sourceTree = "<group>"; };
		C364C6C21E28C3C700378FF0 /* SessionId.h */ = {isa = PBXFileReference; fileEncoding = 4; lastKnownFileType = sourcecode.c.h; path = SessionId.h; sourceTree = "<group>"; };
		C37688811E1FBEB600C3B8A8 /* GDApiSample.app */ = {isa = PBXFileReference; explicitFileType = wrapper.application; includeInIndex = 0; path = GDApiSample.app; sourceTree = BUILT_PRODUCTS_DIR; };
		C37688851E1FBEB600C3B8A8 /* main.m */ = {isa = PBXFileReference; lastKnownFileType = sourcecode.c.objc; path = main.m; sourceTree = "<group>"; };
		C37688871E1FBEB600C3B8A8 /* AppDelegate.h */ = {isa = PBXFileReference; lastKnownFileType = sourcecode.c.h; path = AppDelegate.h; sourceTree = "<group>"; };
		C37688881E1FBEB600C3B8A8 /* AppDelegate.m */ = {isa = PBXFileReference; lastKnownFileType = sourcecode.c.objc; path = AppDelegate.m; sourceTree = "<group>"; };
		C376888A1E1FBEB600C3B8A8 /* ViewController.h */ = {isa = PBXFileReference; lastKnownFileType = sourcecode.c.h; path = ViewController.h; sourceTree = "<group>"; };
		C376888B1E1FBEB600C3B8A8 /* ViewController.m */ = {isa = PBXFileReference; lastKnownFileType = sourcecode.c.objc; path = ViewController.m; sourceTree = "<group>"; };
		C376888E1E1FBEB600C3B8A8 /* Base */ = {isa = PBXFileReference; lastKnownFileType = file.storyboard; name = Base; path = Base.lproj/Main.storyboard; sourceTree = "<group>"; };
		C37688901E1FBEB600C3B8A8 /* Assets.xcassets */ = {isa = PBXFileReference; lastKnownFileType = folder.assetcatalog; path = Assets.xcassets; sourceTree = "<group>"; };
		C37688931E1FBEB600C3B8A8 /* Base */ = {isa = PBXFileReference; lastKnownFileType = file.storyboard; name = Base; path = Base.lproj/LaunchScreen.storyboard; sourceTree = "<group>"; };
		C37688951E1FBEB600C3B8A8 /* Info.plist */ = {isa = PBXFileReference; lastKnownFileType = text.plist.xml; path = Info.plist; sourceTree = "<group>"; };
		C376889A1E1FBEB600C3B8A8 /* GDApiSampleTests.xctest */ = {isa = PBXFileReference; explicitFileType = wrapper.cfbundle; includeInIndex = 0; path = GDApiSampleTests.xctest; sourceTree = BUILT_PRODUCTS_DIR; };
		C376889E1E1FBEB600C3B8A8 /* GDApiSampleTests.m */ = {isa = PBXFileReference; lastKnownFileType = sourcecode.c.objc; path = GDApiSampleTests.m; sourceTree = "<group>"; };
		C37688A01E1FBEB600C3B8A8 /* Info.plist */ = {isa = PBXFileReference; lastKnownFileType = text.plist.xml; path = Info.plist; sourceTree = "<group>"; };
		C37688AA1E1FC15E00C3B8A8 /* GoogleMobileAds.framework */ = {isa = PBXFileReference; lastKnownFileType = wrapper.framework; path = GoogleMobileAds.framework; sourceTree = "<group>"; };
		C37688AC1E1FC15E00C3B8A8 /* GADMAdNetworkAdapterProtocol.h */ = {isa = PBXFileReference; fileEncoding = 4; lastKnownFileType = sourcecode.c.h; path = GADMAdNetworkAdapterProtocol.h; sourceTree = "<group>"; };
		C37688AD1E1FC15E00C3B8A8 /* GADMAdNetworkConnectorProtocol.h */ = {isa = PBXFileReference; fileEncoding = 4; lastKnownFileType = sourcecode.c.h; path = GADMAdNetworkConnectorProtocol.h; sourceTree = "<group>"; };
		C37688AE1E1FC15E00C3B8A8 /* GADMediationAdRequest.h */ = {isa = PBXFileReference; fileEncoding = 4; lastKnownFileType = sourcecode.c.h; path = GADMediationAdRequest.h; sourceTree = "<group>"; };
		C37688AF1E1FC15E00C3B8A8 /* GADMEnums.h */ = {isa = PBXFileReference; fileEncoding = 4; lastKnownFileType = sourcecode.c.h; path = GADMEnums.h; sourceTree = "<group>"; };
		C37688B01E1FC15E00C3B8A8 /* GADMRewardBasedVideoAdNetworkAdapterProtocol.h */ = {isa = PBXFileReference; fileEncoding = 4; lastKnownFileType = sourcecode.c.h; path = GADMRewardBasedVideoAdNetworkAdapterProtocol.h; sourceTree = "<group>"; };
		C37688B11E1FC15E00C3B8A8 /* GADMRewardBasedVideoAdNetworkConnectorProtocol.h */ = {isa = PBXFileReference; fileEncoding = 4; lastKnownFileType = sourcecode.c.h; path = GADMRewardBasedVideoAdNetworkConnectorProtocol.h; sourceTree = "<group>"; };
		C37688B21E1FC15E00C3B8A8 /* README.txt */ = {isa = PBXFileReference; fileEncoding = 4; lastKnownFileType = text; path = README.txt; sourceTree = "<group>"; };
		C37688B31E1FC15E00C3B8A8 /* README.txt */ = {isa = PBXFileReference; fileEncoding = 4; lastKnownFileType = text; path = README.txt; sourceTree = "<group>"; };
/* End PBXFileReference section */

/* Begin PBXFrameworksBuildPhase section */
		C376887E1E1FBEB600C3B8A8 /* Frameworks */ = {
			isa = PBXFrameworksBuildPhase;
			buildActionMask = 2147483647;
			files = (
				C364C6C31E28C3C700378FF0 /* GDApi.framework in Frameworks */,
				C364C6C41E28C3C700378FF0 /* libGDApi.a in Frameworks */,
				C37688B41E1FC15E00C3B8A8 /* GoogleMobileAds.framework in Frameworks */,
			);
			runOnlyForDeploymentPostprocessing = 0;
		};
		C37688971E1FBEB600C3B8A8 /* Frameworks */ = {
			isa = PBXFrameworksBuildPhase;
			buildActionMask = 2147483647;
			files = (
			);
			runOnlyForDeploymentPostprocessing = 0;
		};
/* End PBXFrameworksBuildPhase section */

/* Begin PBXGroup section */
		C364C6A01E28C3C700378FF0 /* GDApi_Framework */ = {
			isa = PBXGroup;
			children = (
				C364C6A11E28C3C700378FF0 /* GDApi.framework */,
				C364C6A21E28C3C700378FF0 /* GDApiPublicHeaders */,
				C364C6A91E28C3C700378FF0 /* include */,
				C364C6AC1E28C3C700378FF0 /* libGDApi.a */,
				C364C6AD1E28C3C700378FF0 /* usr */,
			);
			path = GDApi_Framework;
			sourceTree = "<group>";
		};
		C364C6A21E28C3C700378FF0 /* GDApiPublicHeaders */ = {
			isa = PBXGroup;
			children = (
				C364C6A31E28C3C700378FF0 /* GDAdDelegate.h */,
				C364C6A41E28C3C700378FF0 /* GDAdPosition.h */,
				C364C6A51E28C3C700378FF0 /* GDAdSize.h */,
				C364C6A61E28C3C700378FF0 /* GDAlignment.h */,
				C364C6A71E28C3C700378FF0 /* GDApi.h */,
				C364C6A81E28C3C700378FF0 /* GDLogger.h */,
			);
			path = GDApiPublicHeaders;
			sourceTree = "<group>";
		};
		C364C6A91E28C3C700378FF0 /* include */ = {
			isa = PBXGroup;
			children = (
				C364C6AA1E28C3C700378FF0 /* GDApi */,
			);
			path = include;
			sourceTree = "<group>";
		};
		C364C6AA1E28C3C700378FF0 /* GDApi */ = {
			isa = PBXGroup;
			children = (
				C364C6AB1E28C3C700378FF0 /* GDApi.h */,
			);
			path = GDApi;
			sourceTree = "<group>";
		};
		C364C6AD1E28C3C700378FF0 /* usr */ = {
			isa = PBXGroup;
			children = (
				C364C6AE1E28C3C700378FF0 /* local */,
			);
			path = usr;
			sourceTree = "<group>";
		};
		C364C6AE1E28C3C700378FF0 /* local */ = {
			isa = PBXGroup;
			children = (
				C364C6AF1E28C3C700378FF0 /* include */,
			);
			path = local;
			sourceTree = "<group>";
		};
		C364C6AF1E28C3C700378FF0 /* include */ = {
			isa = PBXGroup;
			children = (
				C364C6B01E28C3C700378FF0 /* GADMAdNetworkAdapterProtocol.h */,
				C364C6B11E28C3C700378FF0 /* GADMAdNetworkConnectorProtocol.h */,
				C364C6B21E28C3C700378FF0 /* GADMediationAdRequest.h */,
				C364C6B31E28C3C700378FF0 /* GADMEnums.h */,
				C364C6B41E28C3C700378FF0 /* GADMRewardBasedVideoAdNetworkAdapterProtocol.h */,
				C364C6B51E28C3C700378FF0 /* GADMRewardBasedVideoAdNetworkConnectorProtocol.h */,
				C364C6B61E28C3C700378FF0 /* GDAd.h */,
				C364C6B71E28C3C700378FF0 /* GDbannerData.h */,
				C364C6B81E28C3C700378FF0 /* GDcustomLog.h */,
				C364C6B91E28C3C700378FF0 /* GDlogchannel.h */,
				C364C6BA1E28C3C700378FF0 /* GDLogRequest.h */,
				C364C6BB1E28C3C700378FF0 /* GDpostObj.h */,
				C364C6BC1E28C3C700378FF0 /* GDResponseActRes.h */,
				C364C6BD1E28C3C700378FF0 /* GDresponseData.h */,
				C364C6BE1E28C3C700378FF0 /* GDSendObject.h */,
				C364C6BF1E28C3C700378FF0 /* GDstatic.h */,
				C364C6C01E28C3C700378FF0 /* GDUtils.h */,
				C364C6C11E28C3C700378FF0 /* NSString+MD5.h */,
				C364C6C21E28C3C700378FF0 /* SessionId.h */,
			);
			path = include;
			sourceTree = "<group>";
		};
		C37688781E1FBEB600C3B8A8 = {
			isa = PBXGroup;
			children = (
				C37688831E1FBEB600C3B8A8 /* GDApiSample */,
				C376889D1E1FBEB600C3B8A8 /* GDApiSampleTests */,
				C37688821E1FBEB600C3B8A8 /* Products */,
			);
			sourceTree = "<group>";
		};
		C37688821E1FBEB600C3B8A8 /* Products */ = {
			isa = PBXGroup;
			children = (
				C37688811E1FBEB600C3B8A8 /* GDApiSample.app */,
				C376889A1E1FBEB600C3B8A8 /* GDApiSampleTests.xctest */,
			);
			name = Products;
			sourceTree = "<group>";
		};
		C37688831E1FBEB600C3B8A8 /* GDApiSample */ = {
			isa = PBXGroup;
			children = (
				C364C6A01E28C3C700378FF0 /* GDApi_Framework */,
				C37688A91E1FC15E00C3B8A8 /* GoogleMobileAdsSdkiOS-7.13.1 */,
				C37688871E1FBEB600C3B8A8 /* AppDelegate.h */,
				C37688881E1FBEB600C3B8A8 /* AppDelegate.m */,
				C376888A1E1FBEB600C3B8A8 /* ViewController.h */,
				C376888B1E1FBEB600C3B8A8 /* ViewController.m */,
				C376888D1E1FBEB600C3B8A8 /* Main.storyboard */,
				C37688901E1FBEB600C3B8A8 /* Assets.xcassets */,
				C37688921E1FBEB600C3B8A8 /* LaunchScreen.storyboard */,
				C37688951E1FBEB600C3B8A8 /* Info.plist */,
				C37688841E1FBEB600C3B8A8 /* Supporting Files */,
			);
			path = GDApiSample;
			sourceTree = "<group>";
		};
		C37688841E1FBEB600C3B8A8 /* Supporting Files */ = {
			isa = PBXGroup;
			children = (
				C37688851E1FBEB600C3B8A8 /* main.m */,
			);
			name = "Supporting Files";
			sourceTree = "<group>";
		};
		C376889D1E1FBEB600C3B8A8 /* GDApiSampleTests */ = {
			isa = PBXGroup;
			children = (
				C376889E1E1FBEB600C3B8A8 /* GDApiSampleTests.m */,
				C37688A01E1FBEB600C3B8A8 /* Info.plist */,
			);
			path = GDApiSampleTests;
			sourceTree = "<group>";
		};
		C37688A91E1FC15E00C3B8A8 /* GoogleMobileAdsSdkiOS-7.13.1 */ = {
			isa = PBXGroup;
			children = (
				C37688AA1E1FC15E00C3B8A8 /* GoogleMobileAds.framework */,
				C37688AB1E1FC15E00C3B8A8 /* Mediation Adapters */,
				C37688B31E1FC15E00C3B8A8 /* README.txt */,
			);
			path = "GoogleMobileAdsSdkiOS-7.13.1";
			sourceTree = "<group>";
		};
		C37688AB1E1FC15E00C3B8A8 /* Mediation Adapters */ = {
			isa = PBXGroup;
			children = (
				C37688AC1E1FC15E00C3B8A8 /* GADMAdNetworkAdapterProtocol.h */,
				C37688AD1E1FC15E00C3B8A8 /* GADMAdNetworkConnectorProtocol.h */,
				C37688AE1E1FC15E00C3B8A8 /* GADMediationAdRequest.h */,
				C37688AF1E1FC15E00C3B8A8 /* GADMEnums.h */,
				C37688B01E1FC15E00C3B8A8 /* GADMRewardBasedVideoAdNetworkAdapterProtocol.h */,
				C37688B11E1FC15E00C3B8A8 /* GADMRewardBasedVideoAdNetworkConnectorProtocol.h */,
				C37688B21E1FC15E00C3B8A8 /* README.txt */,
			);
			path = "Mediation Adapters";
			sourceTree = "<group>";
		};
/* End PBXGroup section */

/* Begin PBXNativeTarget section */
		C37688801E1FBEB600C3B8A8 /* GDApiSample */ = {
			isa = PBXNativeTarget;
			buildConfigurationList = C37688A31E1FBEB600C3B8A8 /* Build configuration list for PBXNativeTarget "GDApiSample" */;
			buildPhases = (
				C376887D1E1FBEB600C3B8A8 /* Sources */,
				C376887E1E1FBEB600C3B8A8 /* Frameworks */,
				C376887F1E1FBEB600C3B8A8 /* Resources */,
			);
			buildRules = (
			);
			dependencies = (
			);
			name = GDApiSample;
			productName = GDApiSample;
			productReference = C37688811E1FBEB600C3B8A8 /* GDApiSample.app */;
			productType = "com.apple.product-type.application";
		};
		C37688991E1FBEB600C3B8A8 /* GDApiSampleTests */ = {
			isa = PBXNativeTarget;
			buildConfigurationList = C37688A61E1FBEB600C3B8A8 /* Build configuration list for PBXNativeTarget "GDApiSampleTests" */;
			buildPhases = (
				C37688961E1FBEB600C3B8A8 /* Sources */,
				C37688971E1FBEB600C3B8A8 /* Frameworks */,
				C37688981E1FBEB600C3B8A8 /* Resources */,
			);
			buildRules = (
			);
			dependencies = (
				C376889C1E1FBEB600C3B8A8 /* PBXTargetDependency */,
			);
			name = GDApiSampleTests;
			productName = GDApiSampleTests;
			productReference = C376889A1E1FBEB600C3B8A8 /* GDApiSampleTests.xctest */;
			productType = "com.apple.product-type.bundle.unit-test";
		};
/* End PBXNativeTarget section */

/* Begin PBXProject section */
		C37688791E1FBEB600C3B8A8 /* Project object */ = {
			isa = PBXProject;
			attributes = {
				LastUpgradeCheck = 0820;
				ORGANIZATIONNAME = Vooxe;
				TargetAttributes = {
					C37688801E1FBEB600C3B8A8 = {
						CreatedOnToolsVersion = 8.2.1;
						DevelopmentTeam = FKJ4632WST;
						ProvisioningStyle = Automatic;
					};
					C37688991E1FBEB600C3B8A8 = {
						CreatedOnToolsVersion = 8.2.1;
						DevelopmentTeam = FKJ4632WST;
						ProvisioningStyle = Automatic;
						TestTargetID = C37688801E1FBEB600C3B8A8;
					};
				};
			};
			buildConfigurationList = C376887C1E1FBEB600C3B8A8 /* Build configuration list for PBXProject "GDApiSample" */;
			compatibilityVersion = "Xcode 3.2";
			developmentRegion = English;
			hasScannedForEncodings = 0;
			knownRegions = (
				en,
				Base,
			);
			mainGroup = C37688781E1FBEB600C3B8A8;
			productRefGroup = C37688821E1FBEB600C3B8A8 /* Products */;
			projectDirPath = "";
			projectRoot = "";
			targets = (
				C37688801E1FBEB600C3B8A8 /* GDApiSample */,
				C37688991E1FBEB600C3B8A8 /* GDApiSampleTests */,
			);
		};
/* End PBXProject section */

/* Begin PBXResourcesBuildPhase section */
		C376887F1E1FBEB600C3B8A8 /* Resources */ = {
			isa = PBXResourcesBuildPhase;
			buildActionMask = 2147483647;
			files = (
				C37688941E1FBEB600C3B8A8 /* LaunchScreen.storyboard in Resources */,
				C37688911E1FBEB600C3B8A8 /* Assets.xcassets in Resources */,
				C37688B51E1FC15E00C3B8A8 /* README.txt in Resources */,
				C376888F1E1FBEB600C3B8A8 /* Main.storyboard in Resources */,
				C37688B61E1FC15E00C3B8A8 /* README.txt in Resources */,
			);
			runOnlyForDeploymentPostprocessing = 0;
		};
		C37688981E1FBEB600C3B8A8 /* Resources */ = {
			isa = PBXResourcesBuildPhase;
			buildActionMask = 2147483647;
			files = (
			);
			runOnlyForDeploymentPostprocessing = 0;
		};
/* End PBXResourcesBuildPhase section */

/* Begin PBXSourcesBuildPhase section */
		C376887D1E1FBEB600C3B8A8 /* Sources */ = {
			isa = PBXSourcesBuildPhase;
			buildActionMask = 2147483647;
			files = (
				C376888C1E1FBEB600C3B8A8 /* ViewController.m in Sources */,
				C37688891E1FBEB600C3B8A8 /* AppDelegate.m in Sources */,
				C37688861E1FBEB600C3B8A8 /* main.m in Sources */,
			);
			runOnlyForDeploymentPostprocessing = 0;
		};
		C37688961E1FBEB600C3B8A8 /* Sources */ = {
			isa = PBXSourcesBuildPhase;
			buildActionMask = 2147483647;
			files = (
				C376889F1E1FBEB600C3B8A8 /* GDApiSampleTests.m in Sources */,
			);
			runOnlyForDeploymentPostprocessing = 0;
		};
/* End PBXSourcesBuildPhase section */

/* Begin PBXTargetDependency section */
		C376889C1E1FBEB600C3B8A8 /* PBXTargetDependency */ = {
			isa = PBXTargetDependency;
			target = C37688801E1FBEB600C3B8A8 /* GDApiSample */;
			targetProxy = C376889B1E1FBEB600C3B8A8 /* PBXContainerItemProxy */;
		};
/* End PBXTargetDependency section */

/* Begin PBXVariantGroup section */
		C376888D1E1FBEB600C3B8A8 /* Main.storyboard */ = {
			isa = PBXVariantGroup;
			children = (
				C376888E1E1FBEB600C3B8A8 /* Base */,
			);
			name = Main.storyboard;
			sourceTree = "<group>";
		};
		C37688921E1FBEB600C3B8A8 /* LaunchScreen.storyboard */ = {
			isa = PBXVariantGroup;
			children = (
				C37688931E1FBEB600C3B8A8 /* Base */,
			);
			name = LaunchScreen.storyboard;
			sourceTree = "<group>";
		};
/* End PBXVariantGroup section */

/* Begin XCBuildConfiguration section */
		C37688A11E1FBEB600C3B8A8 /* Debug */ = {
			isa = XCBuildConfiguration;
			buildSettings = {
				ALWAYS_SEARCH_USER_PATHS = NO;
				CLANG_ANALYZER_NONNULL = YES;
				CLANG_CXX_LANGUAGE_STANDARD = "gnu++0x";
				CLANG_CXX_LIBRARY = "libc++";
				CLANG_ENABLE_MODULES = YES;
				CLANG_ENABLE_OBJC_ARC = YES;
				CLANG_WARN_BOOL_CONVERSION = YES;
				CLANG_WARN_CONSTANT_CONVERSION = YES;
				CLANG_WARN_DIRECT_OBJC_ISA_USAGE = YES_ERROR;
				CLANG_WARN_DOCUMENTATION_COMMENTS = YES;
				CLANG_WARN_EMPTY_BODY = YES;
				CLANG_WARN_ENUM_CONVERSION = YES;
				CLANG_WARN_INFINITE_RECURSION = YES;
				CLANG_WARN_INT_CONVERSION = YES;
				CLANG_WARN_OBJC_ROOT_CLASS = YES_ERROR;
				CLANG_WARN_SUSPICIOUS_MOVE = YES;
				CLANG_WARN_UNREACHABLE_CODE = YES;
				CLANG_WARN__DUPLICATE_METHOD_MATCH = YES;
				"CODE_SIGN_IDENTITY[sdk=iphoneos*]" = "iPhone Developer";
				COPY_PHASE_STRIP = NO;
				DEBUG_INFORMATION_FORMAT = dwarf;
				ENABLE_STRICT_OBJC_MSGSEND = YES;
				ENABLE_TESTABILITY = YES;
				GCC_C_LANGUAGE_STANDARD = gnu99;
				GCC_DYNAMIC_NO_PIC = NO;
				GCC_NO_COMMON_BLOCKS = YES;
				GCC_OPTIMIZATION_LEVEL = 0;
				GCC_PREPROCESSOR_DEFINITIONS = (
					"DEBUG=1",
					"$(inherited)",
				);
				GCC_WARN_64_TO_32_BIT_CONVERSION = YES;
				GCC_WARN_ABOUT_RETURN_TYPE = YES_ERROR;
				GCC_WARN_UNDECLARED_SELECTOR = YES;
				GCC_WARN_UNINITIALIZED_AUTOS = YES_AGGRESSIVE;
				GCC_WARN_UNUSED_FUNCTION = YES;
				GCC_WARN_UNUSED_VARIABLE = YES;
				IPHONEOS_DEPLOYMENT_TARGET = 10.2;
				MTL_ENABLE_DEBUG_INFO = YES;
				ONLY_ACTIVE_ARCH = YES;
				SDKROOT = iphoneos;
				TARGETED_DEVICE_FAMILY = "1,2";
			};
			name = Debug;
		};
		C37688A21E1FBEB600C3B8A8 /* Release */ = {
			isa = XCBuildConfiguration;
			buildSettings = {
				ALWAYS_SEARCH_USER_PATHS = NO;
				CLANG_ANALYZER_NONNULL = YES;
				CLANG_CXX_LANGUAGE_STANDARD = "gnu++0x";
				CLANG_CXX_LIBRARY = "libc++";
				CLANG_ENABLE_MODULES = YES;
				CLANG_ENABLE_OBJC_ARC = YES;
				CLANG_WARN_BOOL_CONVERSION = YES;
				CLANG_WARN_CONSTANT_CONVERSION = YES;
				CLANG_WARN_DIRECT_OBJC_ISA_USAGE = YES_ERROR;
				CLANG_WARN_DOCUMENTATION_COMMENTS = YES;
				CLANG_WARN_EMPTY_BODY = YES;
				CLANG_WARN_ENUM_CONVERSION = YES;
				CLANG_WARN_INFINITE_RECURSION = YES;
				CLANG_WARN_INT_CONVERSION = YES;
				CLANG_WARN_OBJC_ROOT_CLASS = YES_ERROR;
				CLANG_WARN_SUSPICIOUS_MOVE = YES;
				CLANG_WARN_UNREACHABLE_CODE = YES;
				CLANG_WARN__DUPLICATE_METHOD_MATCH = YES;
				"CODE_SIGN_IDENTITY[sdk=iphoneos*]" = "iPhone Developer";
				COPY_PHASE_STRIP = NO;
				DEBUG_INFORMATION_FORMAT = "dwarf-with-dsym";
				ENABLE_NS_ASSERTIONS = NO;
				ENABLE_STRICT_OBJC_MSGSEND = YES;
				GCC_C_LANGUAGE_STANDARD = gnu99;
				GCC_NO_COMMON_BLOCKS = YES;
				GCC_WARN_64_TO_32_BIT_CONVERSION = YES;
				GCC_WARN_ABOUT_RETURN_TYPE = YES_ERROR;
				GCC_WARN_UNDECLARED_SELECTOR = YES;
				GCC_WARN_UNINITIALIZED_AUTOS = YES_AGGRESSIVE;
				GCC_WARN_UNUSED_FUNCTION = YES;
				GCC_WARN_UNUSED_VARIABLE = YES;
				IPHONEOS_DEPLOYMENT_TARGET = 10.2;
				MTL_ENABLE_DEBUG_INFO = NO;
				SDKROOT = iphoneos;
				TARGETED_DEVICE_FAMILY = "1,2";
				VALIDATE_PRODUCT = YES;
			};
			name = Release;
		};
		C37688A41E1FBEB600C3B8A8 /* Debug */ = {
			isa = XCBuildConfiguration;
			buildSettings = {
				ASSETCATALOG_COMPILER_APPICON_NAME = AppIcon;
				DEVELOPMENT_TEAM = FKJ4632WST;
				FRAMEWORK_SEARCH_PATHS = (
					"$(inherited)",
					"$(PROJECT_DIR)/GDApiSample/GoogleMobileAdsSdkiOS-7.13.1",
					"$(PROJECT_DIR)/GDApiSample/GDApi_Framework",
				);
				INFOPLIST_FILE = GDApiSample/Info.plist;
				LD_RUNPATH_SEARCH_PATHS = "$(inherited) @executable_path/Frameworks";
				LIBRARY_SEARCH_PATHS = (
					"$(inherited)",
					"$(PROJECT_DIR)/GDApiSample/GDApi_Framework",
				);
				PRODUCT_BUNDLE_IDENTIFIER = com.vooxe.GDApiSample;
				PRODUCT_NAME = "$(TARGET_NAME)";
			};
			name = Debug;
		};
		C37688A51E1FBEB600C3B8A8 /* Release */ = {
			isa = XCBuildConfiguration;
			buildSettings = {
				ASSETCATALOG_COMPILER_APPICON_NAME = AppIcon;
				DEVELOPMENT_TEAM = FKJ4632WST;
				FRAMEWORK_SEARCH_PATHS = (
					"$(inherited)",
					"$(PROJECT_DIR)/GDApiSample/GoogleMobileAdsSdkiOS-7.13.1",
					"$(PROJECT_DIR)/GDApiSample/GDApi_Framework",
				);
				INFOPLIST_FILE = GDApiSample/Info.plist;
				LD_RUNPATH_SEARCH_PATHS = "$(inherited) @executable_path/Frameworks";
				LIBRARY_SEARCH_PATHS = (
					"$(inherited)",
					"$(PROJECT_DIR)/GDApiSample/GDApi_Framework",
				);
				PRODUCT_BUNDLE_IDENTIFIER = com.vooxe.GDApiSample;
				PRODUCT_NAME = "$(TARGET_NAME)";
			};
			name = Release;
		};
		C37688A71E1FBEB600C3B8A8 /* Debug */ = {
			isa = XCBuildConfiguration;
			buildSettings = {
				BUNDLE_LOADER = "$(TEST_HOST)";
				DEVELOPMENT_TEAM = FKJ4632WST;
				INFOPLIST_FILE = GDApiSampleTests/Info.plist;
				LD_RUNPATH_SEARCH_PATHS = "$(inherited) @executable_path/Frameworks @loader_path/Frameworks";
				PRODUCT_BUNDLE_IDENTIFIER = com.vooxe.GDApiSampleTests;
				PRODUCT_NAME = "$(TARGET_NAME)";
				TEST_HOST = "$(BUILT_PRODUCTS_DIR)/GDApiSample.app/GDApiSample";
			};
			name = Debug;
		};
		C37688A81E1FBEB600C3B8A8 /* Release */ = {
			isa = XCBuildConfiguration;
			buildSettings = {
				BUNDLE_LOADER = "$(TEST_HOST)";
				DEVELOPMENT_TEAM = FKJ4632WST;
				INFOPLIST_FILE = GDApiSampleTests/Info.plist;
				LD_RUNPATH_SEARCH_PATHS = "$(inherited) @executable_path/Frameworks @loader_path/Frameworks";
				PRODUCT_BUNDLE_IDENTIFIER = com.vooxe.GDApiSampleTests;
				PRODUCT_NAME = "$(TARGET_NAME)";
				TEST_HOST = "$(BUILT_PRODUCTS_DIR)/GDApiSample.app/GDApiSample";
			};
			name = Release;
		};
/* End XCBuildConfiguration section */

/* Begin XCConfigurationList section */
		C376887C1E1FBEB600C3B8A8 /* Build configuration list for PBXProject "GDApiSample" */ = {
			isa = XCConfigurationList;
			buildConfigurations = (
				C37688A11E1FBEB600C3B8A8 /* Debug */,
				C37688A21E1FBEB600C3B8A8 /* Release */,
			);
			defaultConfigurationIsVisible = 0;
			defaultConfigurationName = Release;
		};
		C37688A31E1FBEB600C3B8A8 /* Build configuration list for PBXNativeTarget "GDApiSample" */ = {
			isa = XCConfigurationList;
			buildConfigurations = (
				C37688A41E1FBEB600C3B8A8 /* Debug */,
				C37688A51E1FBEB600C3B8A8 /* Release */,
			);
			defaultConfigurationIsVisible = 0;
			defaultConfigurationName = Release;
		};
		C37688A61E1FBEB600C3B8A8 /* Build configuration list for PBXNativeTarget "GDApiSampleTests" */ = {
			isa = XCConfigurationList;
			buildConfigurations = (
				C37688A71E1FBEB600C3B8A8 /* Debug */,
				C37688A81E1FBEB600C3B8A8 /* Release */,
			);
			defaultConfigurationIsVisible = 0;
			defaultConfigurationName = Release;
		};
/* End XCConfigurationList section */
	};
	rootObject = C37688791E1FBEB600C3B8A8 /* Project object */;
}
